// !$*UTF8*$!
{
	archiveVersion = 1;
	classes = {
	};
	objectVersion = 55;
	objects = {

/* Begin PBXBuildFile section */
		00F8A4EC2738B69C00DC4DA1 /* main.swift in Sources */ = {isa = PBXBuildFile; fileRef = 00F8A4EB2738B69C00DC4DA1 /* main.swift */; };
		00F8A4F32738BCD400DC4DA1 /* q1.swift in Sources */ = {isa = PBXBuildFile; fileRef = 00F8A4F22738BCD400DC4DA1 /* q1.swift */; };
		00F8A4F52738F25100DC4DA1 /* q2.swift in Sources */ = {isa = PBXBuildFile; fileRef = 00F8A4F42738F25100DC4DA1 /* q2.swift */; };
		00F8A4F72738F56B00DC4DA1 /* q4.swift in Sources */ = {isa = PBXBuildFile; fileRef = 00F8A4F62738F56B00DC4DA1 /* q4.swift */; };
		00F8A4F92739098300DC4DA1 /* q5.swift in Sources */ = {isa = PBXBuildFile; fileRef = 00F8A4F82739098300DC4DA1 /* q5.swift */; };
		00F8A4FB273914B400DC4DA1 /* q6.swift in Sources */ = {isa = PBXBuildFile; fileRef = 00F8A4FA273914B400DC4DA1 /* q6.swift */; };
/* End PBXBuildFile section */

/* Begin PBXCopyFilesBuildPhase section */
		00F8A4E62738B69C00DC4DA1 /* CopyFiles */ = {
			isa = PBXCopyFilesBuildPhase;
			buildActionMask = 2147483647;
			dstPath = /usr/share/man/man1/;
			dstSubfolderSpec = 0;
			files = (
			);
			runOnlyForDeploymentPostprocessing = 1;
		};
/* End PBXCopyFilesBuildPhase section */

/* Begin PBXFileReference section */
		00F8A4E82738B69C00DC4DA1 /* day6 */ = {isa = PBXFileReference; explicitFileType = "compiled.mach-o.executable"; includeInIndex = 0; path = day6; sourceTree = BUILT_PRODUCTS_DIR; };
		00F8A4EB2738B69C00DC4DA1 /* main.swift */ = {isa = PBXFileReference; lastKnownFileType = sourcecode.swift; path = main.swift; sourceTree = "<group>"; };
		00F8A4F22738BCD400DC4DA1 /* q1.swift */ = {isa = PBXFileReference; lastKnownFileType = sourcecode.swift; path = q1.swift; sourceTree = "<group>"; };
		00F8A4F42738F25100DC4DA1 /* q2.swift */ = {isa = PBXFileReference; lastKnownFileType = sourcecode.swift; path = q2.swift; sourceTree = "<group>"; };
		00F8A4F62738F56B00DC4DA1 /* q4.swift */ = {isa = PBXFileReference; lastKnownFileType = sourcecode.swift; path = q4.swift; sourceTree = "<group>"; };
		00F8A4F82739098300DC4DA1 /* q5.swift */ = {isa = PBXFileReference; lastKnownFileType = sourcecode.swift; path = q5.swift; sourceTree = "<group>"; };
		00F8A4FA273914B400DC4DA1 /* q6.swift */ = {isa = PBXFileReference; lastKnownFileType = sourcecode.swift; path = q6.swift; sourceTree = "<group>"; };
/* End PBXFileReference section */

/* Begin PBXFrameworksBuildPhase section */
		00F8A4E52738B69C00DC4DA1 /* Frameworks */ = {
			isa = PBXFrameworksBuildPhase;
			buildActionMask = 2147483647;
			files = (
			);
			runOnlyForDeploymentPostprocessing = 0;
		};
/* End PBXFrameworksBuildPhase section */

/* Begin PBXGroup section */
		00F8A4DF2738B69C00DC4DA1 = {
			isa = PBXGroup;
			children = (
				00F8A4EA2738B69C00DC4DA1 /* day6 */,
				00F8A4E92738B69C00DC4DA1 /* Products */,
			);
			sourceTree = "<group>";
		};
		00F8A4E92738B69C00DC4DA1 /* Products */ = {
			isa = PBXGroup;
			children = (
				00F8A4E82738B69C00DC4DA1 /* day6 */,
			);
			name = Products;
			sourceTree = "<group>";
		};
		00F8A4EA2738B69C00DC4DA1 /* day6 */ = {
			isa = PBXGroup;
			children = (
				00F8A4EB2738B69C00DC4DA1 /* main.swift */,
				00F8A4F22738BCD400DC4DA1 /* q1.swift */,
				00F8A4F42738F25100DC4DA1 /* q2.swift */,
				00F8A4F62738F56B00DC4DA1 /* q4.swift */,
				00F8A4F82739098300DC4DA1 /* q5.swift */,
				00F8A4FA273914B400DC4DA1 /* q6.swift */,
			);
			path = day6;
			sourceTree = "<group>";
		};
/* End PBXGroup section */

/* Begin PBXNativeTarget section */
		00F8A4E72738B69C00DC4DA1 /* day6 */ = {
			isa = PBXNativeTarget;
			buildConfigurationList = 00F8A4EF2738B69C00DC4DA1 /* Build configuration list for PBXNativeTarget "day6" */;
			buildPhases = (
				00F8A4E42738B69C00DC4DA1 /* Sources */,
				00F8A4E52738B69C00DC4DA1 /* Frameworks */,
				00F8A4E62738B69C00DC4DA1 /* CopyFiles */,
			);
			buildRules = (
			);
			dependencies = (
			);
			name = day6;
			productName = day6;
			productReference = 00F8A4E82738B69C00DC4DA1 /* day6 */;
			productType = "com.apple.product-type.tool";
		};
/* End PBXNativeTarget section */

/* Begin PBXProject section */
		00F8A4E02738B69C00DC4DA1 /* Project object */ = {
			isa = PBXProject;
			attributes = {
				BuildIndependentTargetsInParallel = 1;
				LastSwiftUpdateCheck = 1310;
				LastUpgradeCheck = 1310;
				TargetAttributes = {
					00F8A4E72738B69C00DC4DA1 = {
						CreatedOnToolsVersion = 13.1;
					};
				};
			};
			buildConfigurationList = 00F8A4E32738B69C00DC4DA1 /* Build configuration list for PBXProject "day6" */;
			compatibilityVersion = "Xcode 13.0";
			developmentRegion = en;
			hasScannedForEncodings = 0;
			knownRegions = (
				en,
				Base,
			);
			mainGroup = 00F8A4DF2738B69C00DC4DA1;
			productRefGroup = 00F8A4E92738B69C00DC4DA1 /* Products */;
			projectDirPath = "";
			projectRoot = "";
			targets = (
				00F8A4E72738B69C00DC4DA1 /* day6 */,
			);
		};
/* End PBXProject section */

/* Begin PBXSourcesBuildPhase section */
		00F8A4E42738B69C00DC4DA1 /* Sources */ = {
			isa = PBXSourcesBuildPhase;
			buildActionMask = 2147483647;
			files = (
				00F8A4F72738F56B00DC4DA1 /* q4.swift in Sources */,
				00F8A4EC2738B69C00DC4DA1 /* main.swift in Sources */,
				00F8A4F92739098300DC4DA1 /* q5.swift in Sources */,
				00F8A4F52738F25100DC4DA1 /* q2.swift in Sources */,
				00F8A4FB273914B400DC4DA1 /* q6.swift in Sources */,
				00F8A4F32738BCD400DC4DA1 /* q1.swift in Sources */,
			);
			runOnlyForDeploymentPostprocessing = 0;
		};
/* End PBXSourcesBuildPhase section */

/* Begin XCBuildConfiguration section */
		00F8A4ED2738B69C00DC4DA1 /* Debug */ = {
			isa = XCBuildConfiguration;
			buildSettings = {
				ALWAYS_SEARCH_USER_PATHS = NO;
				CLANG_ANALYZER_NONNULL = YES;
				CLANG_ANALYZER_NUMBER_OBJECT_CONVERSION = YES_AGGRESSIVE;
				CLANG_CXX_LANGUAGE_STANDARD = "gnu++17";
				CLANG_CXX_LIBRARY = "libc++";
				CLANG_ENABLE_MODULES = YES;
				CLANG_ENABLE_OBJC_ARC = YES;
				CLANG_ENABLE_OBJC_WEAK = YES;
				CLANG_WARN_BLOCK_CAPTURE_AUTORELEASING = YES;
				CLANG_WARN_BOOL_CONVERSION = YES;
				CLANG_WARN_COMMA = YES;
				CLANG_WARN_CONSTANT_CONVERSION = YES;
				CLANG_WARN_DEPRECATED_OBJC_IMPLEMENTATIONS = YES;
				CLANG_WARN_DIRECT_OBJC_ISA_USAGE = YES_ERROR;
				CLANG_WARN_DOCUMENTATION_COMMENTS = YES;
				CLANG_WARN_EMPTY_BODY = YES;
				CLANG_WARN_ENUM_CONVERSION = YES;
				CLANG_WARN_INFINITE_RECURSION = YES;
				CLANG_WARN_INT_CONVERSION = YES;
				CLANG_WARN_NON_LITERAL_NULL_CONVERSION = YES;
				CLANG_WARN_OBJC_IMPLICIT_RETAIN_SELF = YES;
				CLANG_WARN_OBJC_LITERAL_CONVERSION = YES;
				CLANG_WARN_OBJC_ROOT_CLASS = YES_ERROR;
				CLANG_WARN_QUOTED_INCLUDE_IN_FRAMEWORK_HEADER = YES;
				CLANG_WARN_RANGE_LOOP_ANALYSIS = YES;
				CLANG_WARN_STRICT_PROTOTYPES = YES;
				CLANG_WARN_SUSPICIOUS_MOVE = YES;
				CLANG_WARN_UNGUARDED_AVAILABILITY = YES_AGGRESSIVE;
				CLANG_WARN_UNREACHABLE_CODE = YES;
				CLANG_WARN__DUPLICATE_METHOD_MATCH = YES;
				COPY_PHASE_STRIP = NO;
				DEBUG_INFORMATION_FORMAT = dwarf;
				ENABLE_STRICT_OBJC_MSGSEND = YES;
				ENABLE_TESTABILITY = YES;
				GCC_C_LANGUAGE_STANDARD = gnu11;
				GCC_DYNAMIC_NO_PIC = NO;
				GCC_NO_COMMON_BLOCKS = YES;
				GCC_OPTIMIZATION_LEVEL = 0;
				GCC_PREPROCESSOR_DEFINITIONS = (
					"DEBUG=1",
					"$(inherited)",
				);
				GCC_WARN_64_TO_32_BIT_CONVERSION = YES;
				GCC_WARN_ABOUT_RETURN_TYPE = YES_ERROR;
				GCC_WARN_UNDECLARED_SELECTOR = YES;
				GCC_WARN_UNINITIALIZED_AUTOS = YES_AGGRESSIVE;
				GCC_WARN_UNUSED_FUNCTION = YES;
				GCC_WARN_UNUSED_VARIABLE = YES;
				MACOSX_DEPLOYMENT_TARGET = 12.0;
				MTL_ENABLE_DEBUG_INFO = INCLUDE_SOURCE;
				MTL_FAST_MATH = YES;
				ONLY_ACTIVE_ARCH = YES;
				SDKROOT = macosx;
				SWIFT_ACTIVE_COMPILATION_CONDITIONS = DEBUG;
				SWIFT_OPTIMIZATION_LEVEL = "-Onone";
			};
			name = Debug;
		};
		00F8A4EE2738B69C00DC4DA1 /* Release */ = {
			isa = XCBuildConfiguration;
			buildSettings = {
				ALWAYS_SEARCH_USER_PATHS = NO;
				CLANG_ANALYZER_NONNULL = YES;
				CLANG_ANALYZER_NUMBER_OBJECT_CONVERSION = YES_AGGRESSIVE;
				CLANG_CXX_LANGUAGE_STANDARD = "gnu++17";
				CLANG_CXX_LIBRARY = "libc++";
				CLANG_ENABLE_MODULES = YES;
				CLANG_ENABLE_OBJC_ARC = YES;
				CLANG_ENABLE_OBJC_WEAK = YES;
				CLANG_WARN_BLOCK_CAPTURE_AUTORELEASING = YES;
				CLANG_WARN_BOOL_CONVERSION = YES;
				CLANG_WARN_COMMA = YES;
				CLANG_WARN_CONSTANT_CONVERSION = YES;
				CLANG_WARN_DEPRECATED_OBJC_IMPLEMENTATIONS = YES;
				CLANG_WARN_DIRECT_OBJC_ISA_USAGE = YES_ERROR;
				CLANG_WARN_DOCUMENTATION_COMMENTS = YES;
				CLANG_WARN_EMPTY_BODY = YES;
				CLANG_WARN_ENUM_CONVERSION = YES;
				CLANG_WARN_INFINITE_RECURSION = YES;
				CLANG_WARN_INT_CONVERSION = YES;
				CLANG_WARN_NON_LITERAL_NULL_CONVERSION = YES;
				CLANG_WARN_OBJC_IMPLICIT_RETAIN_SELF = YES;
				CLANG_WARN_OBJC_LITERAL_CONVERSION = YES;
				CLANG_WARN_OBJC_ROOT_CLASS = YES_ERROR;
				CLANG_WARN_QUOTED_INCLUDE_IN_FRAMEWORK_HEADER = YES;
				CLANG_WARN_RANGE_LOOP_ANALYSIS = YES;
				CLANG_WARN_STRICT_PROTOTYPES = YES;
				CLANG_WARN_SUSPICIOUS_MOVE = YES;
				CLANG_WARN_UNGUARDED_AVAILABILITY = YES_AGGRESSIVE;
				CLANG_WARN_UNREACHABLE_CODE = YES;
				CLANG_WARN__DUPLICATE_METHOD_MATCH = YES;
				COPY_PHASE_STRIP = NO;
				DEBUG_INFORMATION_FORMAT = "dwarf-with-dsym";
				ENABLE_NS_ASSERTIONS = NO;
				ENABLE_STRICT_OBJC_MSGSEND = YES;
				GCC_C_LANGUAGE_STANDARD = gnu11;
				GCC_NO_COMMON_BLOCKS = YES;
				GCC_WARN_64_TO_32_BIT_CONVERSION = YES;
				GCC_WARN_ABOUT_RETURN_TYPE = YES_ERROR;
				GCC_WARN_UNDECLARED_SELECTOR = YES;
				GCC_WARN_UNINITIALIZED_AUTOS = YES_AGGRESSIVE;
				GCC_WARN_UNUSED_FUNCTION = YES;
				GCC_WARN_UNUSED_VARIABLE = YES;
				MACOSX_DEPLOYMENT_TARGET = 12.0;
				MTL_ENABLE_DEBUG_INFO = NO;
				MTL_FAST_MATH = YES;
				SDKROOT = macosx;
				SWIFT_COMPILATION_MODE = wholemodule;
				SWIFT_OPTIMIZATION_LEVEL = "-O";
			};
			name = Release;
		};
		00F8A4F02738B69C00DC4DA1 /* Debug */ = {
			isa = XCBuildConfiguration;
			buildSettings = {
				CODE_SIGN_STYLE = Automatic;
				DEVELOPMENT_TEAM = CR9UV6Z45P;
				ENABLE_HARDENED_RUNTIME = YES;
				PRODUCT_NAME = "$(TARGET_NAME)";
				SWIFT_VERSION = 5.0;
			};
			name = Debug;
		};
		00F8A4F12738B69C00DC4DA1 /* Release */ = {
			isa = XCBuildConfiguration;
			buildSettings = {
				CODE_SIGN_STYLE = Automatic;
				DEVELOPMENT_TEAM = CR9UV6Z45P;
				ENABLE_HARDENED_RUNTIME = YES;
				PRODUCT_NAME = "$(TARGET_NAME)";
				SWIFT_VERSION = 5.0;
			};
			name = Release;
		};
/* End XCBuildConfiguration section */

/* Begin XCConfigurationList section */
		00F8A4E32738B69C00DC4DA1 /* Build configuration list for PBXProject "day6" */ = {
			isa = XCConfigurationList;
			buildConfigurations = (
				00F8A4ED2738B69C00DC4DA1 /* Debug */,
				00F8A4EE2738B69C00DC4DA1 /* Release */,
			);
			defaultConfigurationIsVisible = 0;
			defaultConfigurationName = Release;
		};
		00F8A4EF2738B69C00DC4DA1 /* Build configuration list for PBXNativeTarget "day6" */ = {
			isa = XCConfigurationList;
			buildConfigurations = (
				00F8A4F02738B69C00DC4DA1 /* Debug */,
				00F8A4F12738B69C00DC4DA1 /* Release */,
			);
			defaultConfigurationIsVisible = 0;
			defaultConfigurationName = Release;
		};
/* End XCConfigurationList section */
	};
	rootObject = 00F8A4E02738B69C00DC4DA1 /* Project object */;
}
